// !$*UTF8*$!
{
	archiveVersion = 1;
	classes = {
	};
	objectVersion = 55;
	objects = {

/* Begin PBXBuildFile section */
		83B3010027CE6F1D00E72C33 /* MusicByLocationApp.swift in Sources */ = {isa = PBXBuildFile; fileRef = 83B300FF27CE6F1D00E72C33 /* MusicByLocationApp.swift */; };
		83B3010227CE6F1D00E72C33 /* ContentView.swift in Sources */ = {isa = PBXBuildFile; fileRef = 83B3010127CE6F1D00E72C33 /* ContentView.swift */; };
		83B3010427CE6F1E00E72C33 /* Assets.xcassets in Resources */ = {isa = PBXBuildFile; fileRef = 83B3010327CE6F1E00E72C33 /* Assets.xcassets */; };
		83B3010727CE6F1E00E72C33 /* Preview Assets.xcassets in Resources */ = {isa = PBXBuildFile; fileRef = 83B3010627CE6F1E00E72C33 /* Preview Assets.xcassets */; };
		83B3011127CE6F1F00E72C33 /* MusicByLocationTests.swift in Sources */ = {isa = PBXBuildFile; fileRef = 83B3011027CE6F1F00E72C33 /* MusicByLocationTests.swift */; };
		83B3011B27CE6F1F00E72C33 /* MusicByLocationUITests.swift in Sources */ = {isa = PBXBuildFile; fileRef = 83B3011A27CE6F1F00E72C33 /* MusicByLocationUITests.swift */; };
		83B3011D27CE6F1F00E72C33 /* MusicByLocationUITestsLaunchTests.swift in Sources */ = {isa = PBXBuildFile; fileRef = 83B3011C27CE6F1F00E72C33 /* MusicByLocationUITestsLaunchTests.swift */; };
		83B3012A27CE703400E72C33 /* LocationHandler.swift in Sources */ = {isa = PBXBuildFile; fileRef = 83B3012927CE703300E72C33 /* LocationHandler.swift */; };
		83B3012D27CFBF0E00E72C33 /* CLPlacemark.swift in Sources */ = {isa = PBXBuildFile; fileRef = 83B3012C27CFBF0E00E72C33 /* CLPlacemark.swift */; };
		83B3012F27CFC50800E72C33 /* StateController.swift in Sources */ = {isa = PBXBuildFile; fileRef = 83B3012E27CFC50800E72C33 /* StateController.swift */; };
		83B3013227CFD3F100E72C33 /* ArtistResponse.swift in Sources */ = {isa = PBXBuildFile; fileRef = 83B3013127CFD3F100E72C33 /* ArtistResponse.swift */; };
		83B3013427CFD43E00E72C33 /* Artist.swift in Sources */ = {isa = PBXBuildFile; fileRef = 83B3013327CFD43E00E72C33 /* Artist.swift */; };
/* End PBXBuildFile section */

/* Begin PBXContainerItemProxy section */
		83B3010D27CE6F1F00E72C33 /* PBXContainerItemProxy */ = {
			isa = PBXContainerItemProxy;
			containerPortal = 83B300F427CE6F1C00E72C33 /* Project object */;
			proxyType = 1;
			remoteGlobalIDString = 83B300FB27CE6F1D00E72C33;
			remoteInfo = MusicByLocation;
		};
		83B3011727CE6F1F00E72C33 /* PBXContainerItemProxy */ = {
			isa = PBXContainerItemProxy;
			containerPortal = 83B300F427CE6F1C00E72C33 /* Project object */;
			proxyType = 1;
			remoteGlobalIDString = 83B300FB27CE6F1D00E72C33;
			remoteInfo = MusicByLocation;
		};
/* End PBXContainerItemProxy section */

/* Begin PBXFileReference section */
		83B300FC27CE6F1D00E72C33 /* MusicByLocation.app */ = {isa = PBXFileReference; explicitFileType = wrapper.application; includeInIndex = 0; path = MusicByLocation.app; sourceTree = BUILT_PRODUCTS_DIR; };
		83B300FF27CE6F1D00E72C33 /* MusicByLocationApp.swift */ = {isa = PBXFileReference; lastKnownFileType = sourcecode.swift; path = MusicByLocationApp.swift; sourceTree = "<group>"; };
		83B3010127CE6F1D00E72C33 /* ContentView.swift */ = {isa = PBXFileReference; lastKnownFileType = sourcecode.swift; path = ContentView.swift; sourceTree = "<group>"; };
		83B3010327CE6F1E00E72C33 /* Assets.xcassets */ = {isa = PBXFileReference; lastKnownFileType = folder.assetcatalog; path = Assets.xcassets; sourceTree = "<group>"; };
		83B3010627CE6F1E00E72C33 /* Preview Assets.xcassets */ = {isa = PBXFileReference; lastKnownFileType = folder.assetcatalog; path = "Preview Assets.xcassets"; sourceTree = "<group>"; };
		83B3010C27CE6F1F00E72C33 /* MusicByLocationTests.xctest */ = {isa = PBXFileReference; explicitFileType = wrapper.cfbundle; includeInIndex = 0; path = MusicByLocationTests.xctest; sourceTree = BUILT_PRODUCTS_DIR; };
		83B3011027CE6F1F00E72C33 /* MusicByLocationTests.swift */ = {isa = PBXFileReference; lastKnownFileType = sourcecode.swift; path = MusicByLocationTests.swift; sourceTree = "<group>"; };
		83B3011627CE6F1F00E72C33 /* MusicByLocationUITests.xctest */ = {isa = PBXFileReference; explicitFileType = wrapper.cfbundle; includeInIndex = 0; path = MusicByLocationUITests.xctest; sourceTree = BUILT_PRODUCTS_DIR; };
		83B3011A27CE6F1F00E72C33 /* MusicByLocationUITests.swift */ = {isa = PBXFileReference; lastKnownFileType = sourcecode.swift; path = MusicByLocationUITests.swift; sourceTree = "<group>"; };
		83B3011C27CE6F1F00E72C33 /* MusicByLocationUITestsLaunchTests.swift */ = {isa = PBXFileReference; lastKnownFileType = sourcecode.swift; path = MusicByLocationUITestsLaunchTests.swift; sourceTree = "<group>"; };
		83B3012927CE703300E72C33 /* LocationHandler.swift */ = {isa = PBXFileReference; lastKnownFileType = sourcecode.swift; path = LocationHandler.swift; sourceTree = "<group>"; };
		83B3012C27CFBF0E00E72C33 /* CLPlacemark.swift */ = {isa = PBXFileReference; lastKnownFileType = sourcecode.swift; path = CLPlacemark.swift; sourceTree = "<group>"; };
		83B3012E27CFC50800E72C33 /* StateController.swift */ = {isa = PBXFileReference; lastKnownFileType = sourcecode.swift; path = StateController.swift; sourceTree = "<group>"; };
		83B3013127CFD3F100E72C33 /* ArtistResponse.swift */ = {isa = PBXFileReference; lastKnownFileType = sourcecode.swift; path = ArtistResponse.swift; sourceTree = "<group>"; };
		83B3013327CFD43E00E72C33 /* Artist.swift */ = {isa = PBXFileReference; lastKnownFileType = sourcecode.swift; path = Artist.swift; sourceTree = "<group>"; };
/* End PBXFileReference section */

/* Begin PBXFrameworksBuildPhase section */
		83B300F927CE6F1D00E72C33 /* Frameworks */ = {
			isa = PBXFrameworksBuildPhase;
			buildActionMask = 2147483647;
			files = (
			);
			runOnlyForDeploymentPostprocessing = 0;
		};
		83B3010927CE6F1F00E72C33 /* Frameworks */ = {
			isa = PBXFrameworksBuildPhase;
			buildActionMask = 2147483647;
			files = (
			);
			runOnlyForDeploymentPostprocessing = 0;
		};
		83B3011327CE6F1F00E72C33 /* Frameworks */ = {
			isa = PBXFrameworksBuildPhase;
			buildActionMask = 2147483647;
			files = (
			);
			runOnlyForDeploymentPostprocessing = 0;
		};
/* End PBXFrameworksBuildPhase section */

/* Begin PBXGroup section */
		83B300F327CE6F1C00E72C33 = {
			isa = PBXGroup;
			children = (
				83B300FE27CE6F1D00E72C33 /* MusicByLocation */,
				83B3010F27CE6F1F00E72C33 /* MusicByLocationTests */,
				83B3011927CE6F1F00E72C33 /* MusicByLocationUITests */,
				83B300FD27CE6F1D00E72C33 /* Products */,
			);
			sourceTree = "<group>";
		};
		83B300FD27CE6F1D00E72C33 /* Products */ = {
			isa = PBXGroup;
			children = (
				83B300FC27CE6F1D00E72C33 /* MusicByLocation.app */,
				83B3010C27CE6F1F00E72C33 /* MusicByLocationTests.xctest */,
				83B3011627CE6F1F00E72C33 /* MusicByLocationUITests.xctest */,
			);
			name = Products;
			sourceTree = "<group>";
		};
		83B300FE27CE6F1D00E72C33 /* MusicByLocation */ = {
			isa = PBXGroup;
			children = (
				83B3013027CFD3D900E72C33 /* Model */,
				83B3012B27CFBEF100E72C33 /* Extensions */,
				83B300FF27CE6F1D00E72C33 /* MusicByLocationApp.swift */,
				83B3010127CE6F1D00E72C33 /* ContentView.swift */,
				83B3010327CE6F1E00E72C33 /* Assets.xcassets */,
				83B3010527CE6F1E00E72C33 /* Preview Content */,
				83B3012927CE703300E72C33 /* LocationHandler.swift */,
				83B3012E27CFC50800E72C33 /* StateController.swift */,
			);
			path = MusicByLocation;
			sourceTree = "<group>";
		};
		83B3010527CE6F1E00E72C33 /* Preview Content */ = {
			isa = PBXGroup;
			children = (
				83B3010627CE6F1E00E72C33 /* Preview Assets.xcassets */,
			);
			path = "Preview Content";
			sourceTree = "<group>";
		};
		83B3010F27CE6F1F00E72C33 /* MusicByLocationTests */ = {
			isa = PBXGroup;
			children = (
				83B3011027CE6F1F00E72C33 /* MusicByLocationTests.swift */,
			);
			path = MusicByLocationTests;
			sourceTree = "<group>";
		};
		83B3011927CE6F1F00E72C33 /* MusicByLocationUITests */ = {
			isa = PBXGroup;
			children = (
				83B3011A27CE6F1F00E72C33 /* MusicByLocationUITests.swift */,
				83B3011C27CE6F1F00E72C33 /* MusicByLocationUITestsLaunchTests.swift */,
			);
			path = MusicByLocationUITests;
			sourceTree = "<group>";
		};
		83B3012B27CFBEF100E72C33 /* Extensions */ = {
			isa = PBXGroup;
			children = (
				83B3012C27CFBF0E00E72C33 /* CLPlacemark.swift */,
			);
			path = Extensions;
			sourceTree = "<group>";
		};
		83B3013027CFD3D900E72C33 /* Model */ = {
			isa = PBXGroup;
			children = (
				83B3013127CFD3F100E72C33 /* ArtistResponse.swift */,
				83B3013327CFD43E00E72C33 /* Artist.swift */,
			);
			name = Model;
			sourceTree = "<group>";
		};
/* End PBXGroup section */

/* Begin PBXNativeTarget section */
		83B300FB27CE6F1D00E72C33 /* MusicByLocation */ = {
			isa = PBXNativeTarget;
			buildConfigurationList = 83B3012027CE6F1F00E72C33 /* Build configuration list for PBXNativeTarget "MusicByLocation" */;
			buildPhases = (
				83B300F827CE6F1D00E72C33 /* Sources */,
				83B300F927CE6F1D00E72C33 /* Frameworks */,
				83B300FA27CE6F1D00E72C33 /* Resources */,
			);
			buildRules = (
			);
			dependencies = (
			);
			name = MusicByLocation;
			productName = MusicByLocation;
			productReference = 83B300FC27CE6F1D00E72C33 /* MusicByLocation.app */;
			productType = "com.apple.product-type.application";
		};
		83B3010B27CE6F1F00E72C33 /* MusicByLocationTests */ = {
			isa = PBXNativeTarget;
			buildConfigurationList = 83B3012327CE6F1F00E72C33 /* Build configuration list for PBXNativeTarget "MusicByLocationTests" */;
			buildPhases = (
				83B3010827CE6F1F00E72C33 /* Sources */,
				83B3010927CE6F1F00E72C33 /* Frameworks */,
				83B3010A27CE6F1F00E72C33 /* Resources */,
			);
			buildRules = (
			);
			dependencies = (
				83B3010E27CE6F1F00E72C33 /* PBXTargetDependency */,
			);
			name = MusicByLocationTests;
			productName = MusicByLocationTests;
			productReference = 83B3010C27CE6F1F00E72C33 /* MusicByLocationTests.xctest */;
			productType = "com.apple.product-type.bundle.unit-test";
		};
		83B3011527CE6F1F00E72C33 /* MusicByLocationUITests */ = {
			isa = PBXNativeTarget;
			buildConfigurationList = 83B3012627CE6F1F00E72C33 /* Build configuration list for PBXNativeTarget "MusicByLocationUITests" */;
			buildPhases = (
				83B3011227CE6F1F00E72C33 /* Sources */,
				83B3011327CE6F1F00E72C33 /* Frameworks */,
				83B3011427CE6F1F00E72C33 /* Resources */,
			);
			buildRules = (
			);
			dependencies = (
				83B3011827CE6F1F00E72C33 /* PBXTargetDependency */,
			);
			name = MusicByLocationUITests;
			productName = MusicByLocationUITests;
			productReference = 83B3011627CE6F1F00E72C33 /* MusicByLocationUITests.xctest */;
			productType = "com.apple.product-type.bundle.ui-testing";
		};
/* End PBXNativeTarget section */

/* Begin PBXProject section */
		83B300F427CE6F1C00E72C33 /* Project object */ = {
			isa = PBXProject;
			attributes = {
				BuildIndependentTargetsInParallel = 1;
				LastSwiftUpdateCheck = 1320;
				LastUpgradeCheck = 1320;
				TargetAttributes = {
					83B300FB27CE6F1D00E72C33 = {
						CreatedOnToolsVersion = 13.2.1;
					};
					83B3010B27CE6F1F00E72C33 = {
						CreatedOnToolsVersion = 13.2.1;
						TestTargetID = 83B300FB27CE6F1D00E72C33;
					};
					83B3011527CE6F1F00E72C33 = {
						CreatedOnToolsVersion = 13.2.1;
						TestTargetID = 83B300FB27CE6F1D00E72C33;
					};
				};
			};
			buildConfigurationList = 83B300F727CE6F1C00E72C33 /* Build configuration list for PBXProject "MusicByLocation" */;
			compatibilityVersion = "Xcode 13.0";
			developmentRegion = en;
			hasScannedForEncodings = 0;
			knownRegions = (
				en,
				Base,
			);
			mainGroup = 83B300F327CE6F1C00E72C33;
			productRefGroup = 83B300FD27CE6F1D00E72C33 /* Products */;
			projectDirPath = "";
			projectRoot = "";
			targets = (
				83B300FB27CE6F1D00E72C33 /* MusicByLocation */,
				83B3010B27CE6F1F00E72C33 /* MusicByLocationTests */,
				83B3011527CE6F1F00E72C33 /* MusicByLocationUITests */,
			);
		};
/* End PBXProject section */

/* Begin PBXResourcesBuildPhase section */
		83B300FA27CE6F1D00E72C33 /* Resources */ = {
			isa = PBXResourcesBuildPhase;
			buildActionMask = 2147483647;
			files = (
				83B3010727CE6F1E00E72C33 /* Preview Assets.xcassets in Resources */,
				83B3010427CE6F1E00E72C33 /* Assets.xcassets in Resources */,
			);
			runOnlyForDeploymentPostprocessing = 0;
		};
		83B3010A27CE6F1F00E72C33 /* Resources */ = {
			isa = PBXResourcesBuildPhase;
			buildActionMask = 2147483647;
			files = (
			);
			runOnlyForDeploymentPostprocessing = 0;
		};
		83B3011427CE6F1F00E72C33 /* Resources */ = {
			isa = PBXResourcesBuildPhase;
			buildActionMask = 2147483647;
			files = (
			);
			runOnlyForDeploymentPostprocessing = 0;
		};
/* End PBXResourcesBuildPhase section */

/* Begin PBXSourcesBuildPhase section */
		83B300F827CE6F1D00E72C33 /* Sources */ = {
			isa = PBXSourcesBuildPhase;
			buildActionMask = 2147483647;
			files = (
				83B3012A27CE703400E72C33 /* LocationHandler.swift in Sources */,
				83B3013227CFD3F100E72C33 /* ArtistResponse.swift in Sources */,
				83B3010227CE6F1D00E72C33 /* ContentView.swift in Sources */,
				83B3010027CE6F1D00E72C33 /* MusicByLocationApp.swift in Sources */,
				83B3012D27CFBF0E00E72C33 /* CLPlacemark.swift in Sources */,
				83B3012F27CFC50800E72C33 /* StateController.swift in Sources */,
				83B3013427CFD43E00E72C33 /* Artist.swift in Sources */,
			);
			runOnlyForDeploymentPostprocessing = 0;
		};
		83B3010827CE6F1F00E72C33 /* Sources */ = {
			isa = PBXSourcesBuildPhase;
			buildActionMask = 2147483647;
			files = (
				83B3011127CE6F1F00E72C33 /* MusicByLocationTests.swift in Sources */,
			);
			runOnlyForDeploymentPostprocessing = 0;
		};
		83B3011227CE6F1F00E72C33 /* Sources */ = {
			isa = PBXSourcesBuildPhase;
			buildActionMask = 2147483647;
			files = (
				83B3011D27CE6F1F00E72C33 /* MusicByLocationUITestsLaunchTests.swift in Sources */,
				83B3011B27CE6F1F00E72C33 /* MusicByLocationUITests.swift in Sources */,
			);
			runOnlyForDeploymentPostprocessing = 0;
		};
/* End PBXSourcesBuildPhase section */

/* Begin PBXTargetDependency section */
		83B3010E27CE6F1F00E72C33 /* PBXTargetDependency */ = {
			isa = PBXTargetDependency;
			target = 83B300FB27CE6F1D00E72C33 /* MusicByLocation */;
			targetProxy = 83B3010D27CE6F1F00E72C33 /* PBXContainerItemProxy */;
		};
		83B3011827CE6F1F00E72C33 /* PBXTargetDependency */ = {
			isa = PBXTargetDependency;
			target = 83B300FB27CE6F1D00E72C33 /* MusicByLocation */;
			targetProxy = 83B3011727CE6F1F00E72C33 /* PBXContainerItemProxy */;
		};
/* End PBXTargetDependency section */

/* Begin XCBuildConfiguration section */
		83B3011E27CE6F1F00E72C33 /* Debug */ = {
			isa = XCBuildConfiguration;
			buildSettings = {
				ALWAYS_SEARCH_USER_PATHS = NO;
				CLANG_ANALYZER_NONNULL = YES;
				CLANG_ANALYZER_NUMBER_OBJECT_CONVERSION = YES_AGGRESSIVE;
				CLANG_CXX_LANGUAGE_STANDARD = "gnu++17";
				CLANG_CXX_LIBRARY = "libc++";
				CLANG_ENABLE_MODULES = YES;
				CLANG_ENABLE_OBJC_ARC = YES;
				CLANG_ENABLE_OBJC_WEAK = YES;
				CLANG_WARN_BLOCK_CAPTURE_AUTORELEASING = YES;
				CLANG_WARN_BOOL_CONVERSION = YES;
				CLANG_WARN_COMMA = YES;
				CLANG_WARN_CONSTANT_CONVERSION = YES;
				CLANG_WARN_DEPRECATED_OBJC_IMPLEMENTATIONS = YES;
				CLANG_WARN_DIRECT_OBJC_ISA_USAGE = YES_ERROR;
				CLANG_WARN_DOCUMENTATION_COMMENTS = YES;
				CLANG_WARN_EMPTY_BODY = YES;
				CLANG_WARN_ENUM_CONVERSION = YES;
				CLANG_WARN_INFINITE_RECURSION = YES;
				CLANG_WARN_INT_CONVERSION = YES;
				CLANG_WARN_NON_LITERAL_NULL_CONVERSION = YES;
				CLANG_WARN_OBJC_IMPLICIT_RETAIN_SELF = YES;
				CLANG_WARN_OBJC_LITERAL_CONVERSION = YES;
				CLANG_WARN_OBJC_ROOT_CLASS = YES_ERROR;
				CLANG_WARN_QUOTED_INCLUDE_IN_FRAMEWORK_HEADER = YES;
				CLANG_WARN_RANGE_LOOP_ANALYSIS = YES;
				CLANG_WARN_STRICT_PROTOTYPES = YES;
				CLANG_WARN_SUSPICIOUS_MOVE = YES;
				CLANG_WARN_UNGUARDED_AVAILABILITY = YES_AGGRESSIVE;
				CLANG_WARN_UNREACHABLE_CODE = YES;
				CLANG_WARN__DUPLICATE_METHOD_MATCH = YES;
				COPY_PHASE_STRIP = NO;
				DEBUG_INFORMATION_FORMAT = dwarf;
				ENABLE_STRICT_OBJC_MSGSEND = YES;
				ENABLE_TESTABILITY = YES;
				GCC_C_LANGUAGE_STANDARD = gnu11;
				GCC_DYNAMIC_NO_PIC = NO;
				GCC_NO_COMMON_BLOCKS = YES;
				GCC_OPTIMIZATION_LEVEL = 0;
				GCC_PREPROCESSOR_DEFINITIONS = (
					"DEBUG=1",
					"$(inherited)",
				);
				GCC_WARN_64_TO_32_BIT_CONVERSION = YES;
				GCC_WARN_ABOUT_RETURN_TYPE = YES_ERROR;
				GCC_WARN_UNDECLARED_SELECTOR = YES;
				GCC_WARN_UNINITIALIZED_AUTOS = YES_AGGRESSIVE;
				GCC_WARN_UNUSED_FUNCTION = YES;
				GCC_WARN_UNUSED_VARIABLE = YES;
				IPHONEOS_DEPLOYMENT_TARGET = 15.2;
				MTL_ENABLE_DEBUG_INFO = INCLUDE_SOURCE;
				MTL_FAST_MATH = YES;
				ONLY_ACTIVE_ARCH = YES;
				SDKROOT = iphoneos;
				SWIFT_ACTIVE_COMPILATION_CONDITIONS = DEBUG;
				SWIFT_OPTIMIZATION_LEVEL = "-Onone";
			};
			name = Debug;
		};
		83B3011F27CE6F1F00E72C33 /* Release */ = {
			isa = XCBuildConfiguration;
			buildSettings = {
				ALWAYS_SEARCH_USER_PATHS = NO;
				CLANG_ANALYZER_NONNULL = YES;
				CLANG_ANALYZER_NUMBER_OBJECT_CONVERSION = YES_AGGRESSIVE;
				CLANG_CXX_LANGUAGE_STANDARD = "gnu++17";
				CLANG_CXX_LIBRARY = "libc++";
				CLANG_ENABLE_MODULES = YES;
				CLANG_ENABLE_OBJC_ARC = YES;
				CLANG_ENABLE_OBJC_WEAK = YES;
				CLANG_WARN_BLOCK_CAPTURE_AUTORELEASING = YES;
				CLANG_WARN_BOOL_CONVERSION = YES;
				CLANG_WARN_COMMA = YES;
				CLANG_WARN_CONSTANT_CONVERSION = YES;
				CLANG_WARN_DEPRECATED_OBJC_IMPLEMENTATIONS = YES;
				CLANG_WARN_DIRECT_OBJC_ISA_USAGE = YES_ERROR;
				CLANG_WARN_DOCUMENTATION_COMMENTS = YES;
				CLANG_WARN_EMPTY_BODY = YES;
				CLANG_WARN_ENUM_CONVERSION = YES;
				CLANG_WARN_INFINITE_RECURSION = YES;
				CLANG_WARN_INT_CONVERSION = YES;
				CLANG_WARN_NON_LITERAL_NULL_CONVERSION = YES;
				CLANG_WARN_OBJC_IMPLICIT_RETAIN_SELF = YES;
				CLANG_WARN_OBJC_LITERAL_CONVERSION = YES;
				CLANG_WARN_OBJC_ROOT_CLASS = YES_ERROR;
				CLANG_WARN_QUOTED_INCLUDE_IN_FRAMEWORK_HEADER = YES;
				CLANG_WARN_RANGE_LOOP_ANALYSIS = YES;
				CLANG_WARN_STRICT_PROTOTYPES = YES;
				CLANG_WARN_SUSPICIOUS_MOVE = YES;
				CLANG_WARN_UNGUARDED_AVAILABILITY = YES_AGGRESSIVE;
				CLANG_WARN_UNREACHABLE_CODE = YES;
				CLANG_WARN__DUPLICATE_METHOD_MATCH = YES;
				COPY_PHASE_STRIP = NO;
				DEBUG_INFORMATION_FORMAT = "dwarf-with-dsym";
				ENABLE_NS_ASSERTIONS = NO;
				ENABLE_STRICT_OBJC_MSGSEND = YES;
				GCC_C_LANGUAGE_STANDARD = gnu11;
				GCC_NO_COMMON_BLOCKS = YES;
				GCC_WARN_64_TO_32_BIT_CONVERSION = YES;
				GCC_WARN_ABOUT_RETURN_TYPE = YES_ERROR;
				GCC_WARN_UNDECLARED_SELECTOR = YES;
				GCC_WARN_UNINITIALIZED_AUTOS = YES_AGGRESSIVE;
				GCC_WARN_UNUSED_FUNCTION = YES;
				GCC_WARN_UNUSED_VARIABLE = YES;
				IPHONEOS_DEPLOYMENT_TARGET = 15.2;
				MTL_ENABLE_DEBUG_INFO = NO;
				MTL_FAST_MATH = YES;
				SDKROOT = iphoneos;
				SWIFT_COMPILATION_MODE = wholemodule;
				SWIFT_OPTIMIZATION_LEVEL = "-O";
				VALIDATE_PRODUCT = YES;
			};
			name = Release;
		};
		83B3012127CE6F1F00E72C33 /* Debug */ = {
			isa = XCBuildConfiguration;
			buildSettings = {
				ASSETCATALOG_COMPILER_APPICON_NAME = AppIcon;
				ASSETCATALOG_COMPILER_GLOBAL_ACCENT_COLOR_NAME = AccentColor;
				CODE_SIGN_STYLE = Automatic;
				CURRENT_PROJECT_VERSION = 1;
				DEVELOPMENT_ASSET_PATHS = "\"MusicByLocation/Preview Content\"";
				ENABLE_PREVIEWS = YES;
				GENERATE_INFOPLIST_FILE = YES;
				INFOPLIST_KEY_NSLocationWhenInUseUsageDescription = "This App needs your location to find your favourite tunes";
				INFOPLIST_KEY_UIApplicationSceneManifest_Generation = YES;
				INFOPLIST_KEY_UIApplicationSupportsIndirectInputEvents = YES;
				INFOPLIST_KEY_UILaunchScreen_Generation = YES;
				INFOPLIST_KEY_UISupportedInterfaceOrientations_iPad = "UIInterfaceOrientationPortrait UIInterfaceOrientationPortraitUpsideDown UIInterfaceOrientationLandscapeLeft UIInterfaceOrientationLandscapeRight";
				INFOPLIST_KEY_UISupportedInterfaceOrientations_iPhone = "UIInterfaceOrientationPortrait UIInterfaceOrientationLandscapeLeft UIInterfaceOrientationLandscapeRight";
				LD_RUNPATH_SEARCH_PATHS = (
					"$(inherited)",
					"@executable_path/Frameworks",
				);
				MARKETING_VERSION = 1.0;
				PRODUCT_BUNDLE_IDENTIFIER = com.Sibson.h.MusicByLocation;
				PRODUCT_NAME = "$(TARGET_NAME)";
				SWIFT_EMIT_LOC_STRINGS = YES;
				SWIFT_VERSION = 5.0;
				TARGETED_DEVICE_FAMILY = "1,2";
			};
			name = Debug;
		};
		83B3012227CE6F1F00E72C33 /* Release */ = {
			isa = XCBuildConfiguration;
			buildSettings = {
				ASSETCATALOG_COMPILER_APPICON_NAME = AppIcon;
				ASSETCATALOG_COMPILER_GLOBAL_ACCENT_COLOR_NAME = AccentColor;
				CODE_SIGN_STYLE = Automatic;
				CURRENT_PROJECT_VERSION = 1;
				DEVELOPMENT_ASSET_PATHS = "\"MusicByLocation/Preview Content\"";
				ENABLE_PREVIEWS = YES;
				GENERATE_INFOPLIST_FILE = YES;
				INFOPLIST_KEY_NSLocationWhenInUseUsageDescription = "This App needs your location to find your favourite tunes";
				INFOPLIST_KEY_UIApplicationSceneManifest_Generation = YES;
				INFOPLIST_KEY_UIApplicationSupportsIndirectInputEvents = YES;
				INFOPLIST_KEY_UILaunchScreen_Generation = YES;
				INFOPLIST_KEY_UISupportedInterfaceOrientations_iPad = "UIInterfaceOrientationPortrait UIInterfaceOrientationPortraitUpsideDown UIInterfaceOrientationLandscapeLeft UIInterfaceOrientationLandscapeRight";
				INFOPLIST_KEY_UISupportedInterfaceOrientations_iPhone = "UIInterfaceOrientationPortrait UIInterfaceOrientationLandscapeLeft UIInterfaceOrientationLandscapeRight";
				LD_RUNPATH_SEARCH_PATHS = (
					"$(inherited)",
					"@executable_path/Frameworks",
				);
				MARKETING_VERSION = 1.0;
				PRODUCT_BUNDLE_IDENTIFIER = com.Sibson.h.MusicByLocation;
				PRODUCT_NAME = "$(TARGET_NAME)";
				SWIFT_EMIT_LOC_STRINGS = YES;
				SWIFT_VERSION = 5.0;
				TARGETED_DEVICE_FAMILY = "1,2";
			};
			name = Release;
		};
		83B3012427CE6F1F00E72C33 /* Debug */ = {
			isa = XCBuildConfiguration;
			buildSettings = {
				ALWAYS_EMBED_SWIFT_STANDARD_LIBRARIES = YES;
				BUNDLE_LOADER = "$(TEST_HOST)";
				CODE_SIGN_STYLE = Automatic;
				CURRENT_PROJECT_VERSION = 1;
				GENERATE_INFOPLIST_FILE = YES;
				IPHONEOS_DEPLOYMENT_TARGET = 15.2;
				MARKETING_VERSION = 1.0;
				PRODUCT_BUNDLE_IDENTIFIER = com.Sibson.h.MusicByLocationTests;
				PRODUCT_NAME = "$(TARGET_NAME)";
				SWIFT_EMIT_LOC_STRINGS = NO;
				SWIFT_VERSION = 5.0;
				TARGETED_DEVICE_FAMILY = "1,2";
				TEST_HOST = "$(BUILT_PRODUCTS_DIR)/MusicByLocation.app/MusicByLocation";
			};
			name = Debug;
		};
		83B3012527CE6F1F00E72C33 /* Release */ = {
			isa = XCBuildConfiguration;
			buildSettings = {
				ALWAYS_EMBED_SWIFT_STANDARD_LIBRARIES = YES;
				BUNDLE_LOADER = "$(TEST_HOST)";
				CODE_SIGN_STYLE = Automatic;
				CURRENT_PROJECT_VERSION = 1;
				GENERATE_INFOPLIST_FILE = YES;
				IPHONEOS_DEPLOYMENT_TARGET = 15.2;
				MARKETING_VERSION = 1.0;
				PRODUCT_BUNDLE_IDENTIFIER = com.Sibson.h.MusicByLocationTests;
				PRODUCT_NAME = "$(TARGET_NAME)";
				SWIFT_EMIT_LOC_STRINGS = NO;
				SWIFT_VERSION = 5.0;
				TARGETED_DEVICE_FAMILY = "1,2";
				TEST_HOST = "$(BUILT_PRODUCTS_DIR)/MusicByLocation.app/MusicByLocation";
			};
			name = Release;
		};
		83B3012727CE6F1F00E72C33 /* Debug */ = {
			isa = XCBuildConfiguration;
			buildSettings = {
				ALWAYS_EMBED_SWIFT_STANDARD_LIBRARIES = YES;
				CODE_SIGN_STYLE = Automatic;
				CURRENT_PROJECT_VERSION = 1;
				GENERATE_INFOPLIST_FILE = YES;
				MARKETING_VERSION = 1.0;
				PRODUCT_BUNDLE_IDENTIFIER = com.Sibson.h.MusicByLocationUITests;
				PRODUCT_NAME = "$(TARGET_NAME)";
				SWIFT_EMIT_LOC_STRINGS = NO;
				SWIFT_VERSION = 5.0;
				TARGETED_DEVICE_FAMILY = "1,2";
				TEST_TARGET_NAME = MusicByLocation;
			};
			name = Debug;
		};
		83B3012827CE6F1F00E72C33 /* Release */ = {
			isa = XCBuildConfiguration;
			buildSettings = {
				ALWAYS_EMBED_SWIFT_STANDARD_LIBRARIES = YES;
				CODE_SIGN_STYLE = Automatic;
				CURRENT_PROJECT_VERSION = 1;
				GENERATE_INFOPLIST_FILE = YES;
				MARKETING_VERSION = 1.0;
				PRODUCT_BUNDLE_IDENTIFIER = com.Sibson.h.MusicByLocationUITests;
				PRODUCT_NAME = "$(TARGET_NAME)";
				SWIFT_EMIT_LOC_STRINGS = NO;
				SWIFT_VERSION = 5.0;
				TARGETED_DEVICE_FAMILY = "1,2";
				TEST_TARGET_NAME = MusicByLocation;
			};
			name = Release;
		};
/* End XCBuildConfiguration section */

/* Begin XCConfigurationList section */
		83B300F727CE6F1C00E72C33 /* Build configuration list for PBXProject "MusicByLocation" */ = {
			isa = XCConfigurationList;
			buildConfigurations = (
				83B3011E27CE6F1F00E72C33 /* Debug */,
				83B3011F27CE6F1F00E72C33 /* Release */,
			);
			defaultConfigurationIsVisible = 0;
			defaultConfigurationName = Release;
		};
		83B3012027CE6F1F00E72C33 /* Build configuration list for PBXNativeTarget "MusicByLocation" */ = {
			isa = XCConfigurationList;
			buildConfigurations = (
				83B3012127CE6F1F00E72C33 /* Debug */,
				83B3012227CE6F1F00E72C33 /* Release */,
			);
			defaultConfigurationIsVisible = 0;
			defaultConfigurationName = Release;
		};
		83B3012327CE6F1F00E72C33 /* Build configuration list for PBXNativeTarget "MusicByLocationTests" */ = {
			isa = XCConfigurationList;
			buildConfigurations = (
				83B3012427CE6F1F00E72C33 /* Debug */,
				83B3012527CE6F1F00E72C33 /* Release */,
			);
			defaultConfigurationIsVisible = 0;
			defaultConfigurationName = Release;
		};
		83B3012627CE6F1F00E72C33 /* Build configuration list for PBXNativeTarget "MusicByLocationUITests" */ = {
			isa = XCConfigurationList;
			buildConfigurations = (
				83B3012727CE6F1F00E72C33 /* Debug */,
				83B3012827CE6F1F00E72C33 /* Release */,
			);
			defaultConfigurationIsVisible = 0;
			defaultConfigurationName = Release;
		};
/* End XCConfigurationList section */
	};
	rootObject = 83B300F427CE6F1C00E72C33 /* Project object */;
}
